// !$*UTF8*$!
{
	archiveVersion = 1;
	classes = {
	};
	objectVersion = 46;
	objects = {

/* Begin PBXBuildFile section */
		870C5C881F99E57F00092A65 /* RNTBrightcoveSVGCloseButtonView.m in Sources */ = {isa = PBXBuildFile; fileRef = 870C5C781F99E57F00092A65 /* RNTBrightcoveSVGCloseButtonView.m */; };
		870C5C891F99E57F00092A65 /* RNTBrightcoveView.m in Sources */ = {isa = PBXBuildFile; fileRef = 870C5C791F99E57F00092A65 /* RNTBrightcoveView.m */; };
		870C5C8A1F99E57F00092A65 /* RNTFullscreenPresentingAutoRotatingViewController.m in Sources */ = {isa = PBXBuildFile; fileRef = 870C5C7A1F99E57F00092A65 /* RNTFullscreenPresentingAutoRotatingViewController.m */; };
		870C5C8B1F99E57F00092A65 /* RNTBrightcoveViewController.m in Sources */ = {isa = PBXBuildFile; fileRef = 870C5C7B1F99E57F00092A65 /* RNTBrightcoveViewController.m */; };
		870C5C8C1F99E57F00092A65 /* RNTBrightcoveManager.m in Sources */ = {isa = PBXBuildFile; fileRef = 870C5C7E1F99E57F00092A65 /* RNTBrightcoveManager.m */; };
		870C5C8D1F99E57F00092A65 /* RNTBrightcoveFullscreenManager.m in Sources */ = {isa = PBXBuildFile; fileRef = 870C5C811F99E57F00092A65 /* RNTBrightcoveFullscreenManager.m */; };
		870C5C8E1F99E57F00092A65 /* RNTBrightcoveCloseButtonView.m in Sources */ = {isa = PBXBuildFile; fileRef = 870C5C861F99E57F00092A65 /* RNTBrightcoveCloseButtonView.m */; };
		870C5C8F1F99E57F00092A65 /* RNTFullscreenAutoPresentingView.m in Sources */ = {isa = PBXBuildFile; fileRef = 870C5C871F99E57F00092A65 /* RNTFullscreenAutoPresentingView.m */; };
		9DF2A7AC1F27EB3A0015AC73 /* RNTBrightcoveManager.m in Sources */ = {isa = PBXBuildFile; fileRef = 9DF2A7AA1F27EB3A0015AC73 /* RNTBrightcoveManager.m */; };
/* End PBXBuildFile section */

/* Begin PBXCopyFilesBuildPhase section */
		9DF2A7991F27EB1B0015AC73 /* CopyFiles */ = {
			isa = PBXCopyFilesBuildPhase;
			buildActionMask = 2147483647;
			dstPath = "include/$(PRODUCT_NAME)";
			dstSubfolderSpec = 16;
			files = (
			);
			runOnlyForDeploymentPostprocessing = 0;
		};
/* End PBXCopyFilesBuildPhase section */

/* Begin PBXFileReference section */
		870C5C781F99E57F00092A65 /* RNTBrightcoveSVGCloseButtonView.m */ = {isa = PBXFileReference; fileEncoding = 4; lastKnownFileType = sourcecode.c.objc; path = RNTBrightcoveSVGCloseButtonView.m; sourceTree = "<group>"; };
		870C5C791F99E57F00092A65 /* RNTBrightcoveView.m */ = {isa = PBXFileReference; fileEncoding = 4; lastKnownFileType = sourcecode.c.objc; path = RNTBrightcoveView.m; sourceTree = "<group>"; };
		870C5C7A1F99E57F00092A65 /* RNTFullscreenPresentingAutoRotatingViewController.m */ = {isa = PBXFileReference; fileEncoding = 4; lastKnownFileType = sourcecode.c.objc; path = RNTFullscreenPresentingAutoRotatingViewController.m; sourceTree = "<group>"; };
		870C5C7B1F99E57F00092A65 /* RNTBrightcoveViewController.m */ = {isa = PBXFileReference; fileEncoding = 4; lastKnownFileType = sourcecode.c.objc; path = RNTBrightcoveViewController.m; sourceTree = "<group>"; };
		870C5C7C1F99E57F00092A65 /* RNTBrightcoveView.h */ = {isa = PBXFileReference; fileEncoding = 4; lastKnownFileType = sourcecode.c.h; path = RNTBrightcoveView.h; sourceTree = "<group>"; };
		870C5C7D1F99E57F00092A65 /* RNTBrightcoveCloseButtonView.h */ = {isa = PBXFileReference; fileEncoding = 4; lastKnownFileType = sourcecode.c.h; path = RNTBrightcoveCloseButtonView.h; sourceTree = "<group>"; };
		870C5C7E1F99E57F00092A65 /* RNTBrightcoveManager.m */ = {isa = PBXFileReference; fileEncoding = 4; lastKnownFileType = sourcecode.c.objc; path = RNTBrightcoveManager.m; sourceTree = "<group>"; };
		870C5C7F1F99E57F00092A65 /* RNTFullscreenPresentingAutoRotatingViewController.h */ = {isa = PBXFileReference; fileEncoding = 4; lastKnownFileType = sourcecode.c.h; path = RNTFullscreenPresentingAutoRotatingViewController.h; sourceTree = "<group>"; };
		870C5C801F99E57F00092A65 /* RNTFullscreenAutoPresentingView.h */ = {isa = PBXFileReference; fileEncoding = 4; lastKnownFileType = sourcecode.c.h; path = RNTFullscreenAutoPresentingView.h; sourceTree = "<group>"; };
		870C5C811F99E57F00092A65 /* RNTBrightcoveFullscreenManager.m */ = {isa = PBXFileReference; fileEncoding = 4; lastKnownFileType = sourcecode.c.objc; path = RNTBrightcoveFullscreenManager.m; sourceTree = "<group>"; };
		870C5C821F99E57F00092A65 /* RNTBrightcoveSVGCloseButtonView.h */ = {isa = PBXFileReference; fileEncoding = 4; lastKnownFileType = sourcecode.c.h; path = RNTBrightcoveSVGCloseButtonView.h; sourceTree = "<group>"; };
		870C5C831F99E57F00092A65 /* RNTBrightcoveViewController.h */ = {isa = PBXFileReference; fileEncoding = 4; lastKnownFileType = sourcecode.c.h; path = RNTBrightcoveViewController.h; sourceTree = "<group>"; };
		870C5C841F99E57F00092A65 /* RNTBrightcoveManager.h */ = {isa = PBXFileReference; fileEncoding = 4; lastKnownFileType = sourcecode.c.h; path = RNTBrightcoveManager.h; sourceTree = "<group>"; };
		870C5C851F99E57F00092A65 /* RNTBrightcoveFullscreenManager.h */ = {isa = PBXFileReference; fileEncoding = 4; lastKnownFileType = sourcecode.c.h; path = RNTBrightcoveFullscreenManager.h; sourceTree = "<group>"; };
		870C5C861F99E57F00092A65 /* RNTBrightcoveCloseButtonView.m */ = {isa = PBXFileReference; fileEncoding = 4; lastKnownFileType = sourcecode.c.objc; path = RNTBrightcoveCloseButtonView.m; sourceTree = "<group>"; };
		870C5C871F99E57F00092A65 /* RNTFullscreenAutoPresentingView.m */ = {isa = PBXFileReference; fileEncoding = 4; lastKnownFileType = sourcecode.c.objc; path = RNTFullscreenAutoPresentingView.m; sourceTree = "<group>"; };
		9DF2A79B1F27EB1B0015AC73 /* libRNTBrightcove.a */ = {isa = PBXFileReference; explicitFileType = archive.ar; includeInIndex = 0; path = libRNTBrightcove.a; sourceTree = BUILT_PRODUCTS_DIR; };
		9DF2A7A91F27EB3A0015AC73 /* RNTBrightcoveManager.h */ = {isa = PBXFileReference; fileEncoding = 4; lastKnownFileType = sourcecode.c.h; path = RNTBrightcoveManager.h; sourceTree = "<group>"; };
		9DF2A7AA1F27EB3A0015AC73 /* RNTBrightcoveManager.m */ = {isa = PBXFileReference; fileEncoding = 4; lastKnownFileType = sourcecode.c.objc; path = RNTBrightcoveManager.m; sourceTree = "<group>"; };
/* End PBXFileReference section */

/* Begin PBXFrameworksBuildPhase section */
		9DF2A7981F27EB1B0015AC73 /* Frameworks */ = {
			isa = PBXFrameworksBuildPhase;
			buildActionMask = 2147483647;
			files = (
			);
			runOnlyForDeploymentPostprocessing = 0;
		};
/* End PBXFrameworksBuildPhase section */

/* Begin PBXGroup section */
		9DF2A7921F27EB1B0015AC73 = {
			isa = PBXGroup;
			children = (
				9DF2A79D1F27EB1B0015AC73 /* RNTBrightcove */,
				9DF2A79C1F27EB1B0015AC73 /* Products */,
			);
			sourceTree = "<group>";
		};
		9DF2A79C1F27EB1B0015AC73 /* Products */ = {
			isa = PBXGroup;
			children = (
				9DF2A79B1F27EB1B0015AC73 /* libRNTBrightcove.a */,
			);
			name = Products;
			sourceTree = "<group>";
		};
		9DF2A79D1F27EB1B0015AC73 /* RNTBrightcove */ = {
			isa = PBXGroup;
			children = (
				870C5C7D1F99E57F00092A65 /* RNTBrightcoveCloseButtonView.h */,
				870C5C861F99E57F00092A65 /* RNTBrightcoveCloseButtonView.m */,
				870C5C851F99E57F00092A65 /* RNTBrightcoveFullscreenManager.h */,
				870C5C811F99E57F00092A65 /* RNTBrightcoveFullscreenManager.m */,
				870C5C841F99E57F00092A65 /* RNTBrightcoveManager.h */,
				870C5C7E1F99E57F00092A65 /* RNTBrightcoveManager.m */,
				870C5C821F99E57F00092A65 /* RNTBrightcoveSVGCloseButtonView.h */,
				870C5C781F99E57F00092A65 /* RNTBrightcoveSVGCloseButtonView.m */,
				870C5C7C1F99E57F00092A65 /* RNTBrightcoveView.h */,
				870C5C791F99E57F00092A65 /* RNTBrightcoveView.m */,
				870C5C831F99E57F00092A65 /* RNTBrightcoveViewController.h */,
				870C5C7B1F99E57F00092A65 /* RNTBrightcoveViewController.m */,
				870C5C801F99E57F00092A65 /* RNTFullscreenAutoPresentingView.h */,
				870C5C871F99E57F00092A65 /* RNTFullscreenAutoPresentingView.m */,
				870C5C7F1F99E57F00092A65 /* RNTFullscreenPresentingAutoRotatingViewController.h */,
				870C5C7A1F99E57F00092A65 /* RNTFullscreenPresentingAutoRotatingViewController.m */,
				9DF2A7A91F27EB3A0015AC73 /* RNTBrightcoveManager.h */,
				9DF2A7AA1F27EB3A0015AC73 /* RNTBrightcoveManager.m */,
			);
			path = RNTBrightcove;
			sourceTree = "<group>";
		};
/* End PBXGroup section */

/* Begin PBXNativeTarget section */
		9DF2A79A1F27EB1B0015AC73 /* RNTBrightcove */ = {
			isa = PBXNativeTarget;
			buildConfigurationList = 9DF2A7A41F27EB1B0015AC73 /* Build configuration list for PBXNativeTarget "RNTBrightcove" */;
			buildPhases = (
				9DF2A7971F27EB1B0015AC73 /* Sources */,
				9DF2A7981F27EB1B0015AC73 /* Frameworks */,
				9DF2A7991F27EB1B0015AC73 /* CopyFiles */,
			);
			buildRules = (
			);
			dependencies = (
			);
			name = RNTBrightcove;
			productName = RNTBrightcove;
			productReference = 9DF2A79B1F27EB1B0015AC73 /* libRNTBrightcove.a */;
			productType = "com.apple.product-type.library.static";
		};
/* End PBXNativeTarget section */

/* Begin PBXProject section */
		9DF2A7931F27EB1B0015AC73 /* Project object */ = {
			isa = PBXProject;
			attributes = {
				LastUpgradeCheck = 0830;
				ORGANIZATIONNAME = Osedea;
				TargetAttributes = {
					9DF2A79A1F27EB1B0015AC73 = {
						CreatedOnToolsVersion = 8.3.3;
						ProvisioningStyle = Automatic;
					};
				};
			};
			buildConfigurationList = 9DF2A7961F27EB1B0015AC73 /* Build configuration list for PBXProject "RNTBrightcove" */;
			compatibilityVersion = "Xcode 3.2";
			developmentRegion = English;
			hasScannedForEncodings = 0;
			knownRegions = (
				en,
			);
			mainGroup = 9DF2A7921F27EB1B0015AC73;
			productRefGroup = 9DF2A79C1F27EB1B0015AC73 /* Products */;
			projectDirPath = "";
			projectRoot = "";
			targets = (
				9DF2A79A1F27EB1B0015AC73 /* RNTBrightcove */,
			);
		};
/* End PBXProject section */

/* Begin PBXSourcesBuildPhase section */
		9DF2A7971F27EB1B0015AC73 /* Sources */ = {
			isa = PBXSourcesBuildPhase;
			buildActionMask = 2147483647;
			files = (
				870C5C8D1F99E57F00092A65 /* RNTBrightcoveFullscreenManager.m in Sources */,
				870C5C8B1F99E57F00092A65 /* RNTBrightcoveViewController.m in Sources */,
				870C5C8F1F99E57F00092A65 /* RNTFullscreenAutoPresentingView.m in Sources */,
				870C5C8C1F99E57F00092A65 /* RNTBrightcoveManager.m in Sources */,
				870C5C8A1F99E57F00092A65 /* RNTFullscreenPresentingAutoRotatingViewController.m in Sources */,
				870C5C881F99E57F00092A65 /* RNTBrightcoveSVGCloseButtonView.m in Sources */,
				870C5C891F99E57F00092A65 /* RNTBrightcoveView.m in Sources */,
				9DF2A7AC1F27EB3A0015AC73 /* RNTBrightcoveManager.m in Sources */,
				870C5C8E1F99E57F00092A65 /* RNTBrightcoveCloseButtonView.m in Sources */,
			);
			runOnlyForDeploymentPostprocessing = 0;
		};
/* End PBXSourcesBuildPhase section */

/* Begin XCBuildConfiguration section */
		9DF2A7A21F27EB1B0015AC73 /* Debug */ = {
			isa = XCBuildConfiguration;
			buildSettings = {
				ALWAYS_SEARCH_USER_PATHS = NO;
				CLANG_ANALYZER_NONNULL = YES;
				CLANG_ANALYZER_NUMBER_OBJECT_CONVERSION = YES_AGGRESSIVE;
				CLANG_CXX_LANGUAGE_STANDARD = "gnu++0x";
				CLANG_CXX_LIBRARY = "libc++";
				CLANG_ENABLE_MODULES = YES;
				CLANG_ENABLE_OBJC_ARC = YES;
				CLANG_WARN_BOOL_CONVERSION = YES;
				CLANG_WARN_CONSTANT_CONVERSION = YES;
				CLANG_WARN_DIRECT_OBJC_ISA_USAGE = YES_ERROR;
				CLANG_WARN_DOCUMENTATION_COMMENTS = YES;
				CLANG_WARN_EMPTY_BODY = YES;
				CLANG_WARN_ENUM_CONVERSION = YES;
				CLANG_WARN_INFINITE_RECURSION = YES;
				CLANG_WARN_INT_CONVERSION = YES;
				CLANG_WARN_OBJC_ROOT_CLASS = YES_ERROR;
				CLANG_WARN_SUSPICIOUS_MOVE = YES;
				CLANG_WARN_UNREACHABLE_CODE = YES;
				CLANG_WARN__DUPLICATE_METHOD_MATCH = YES;
				"CODE_SIGN_IDENTITY[sdk=iphoneos*]" = "iPhone Developer";
				COPY_PHASE_STRIP = NO;
				DEBUG_INFORMATION_FORMAT = dwarf;
				ENABLE_STRICT_OBJC_MSGSEND = YES;
				ENABLE_TESTABILITY = YES;
				GCC_C_LANGUAGE_STANDARD = gnu99;
				GCC_DYNAMIC_NO_PIC = NO;
				GCC_NO_COMMON_BLOCKS = YES;
				GCC_OPTIMIZATION_LEVEL = 0;
				GCC_PREPROCESSOR_DEFINITIONS = (
					"DEBUG=1",
					"$(inherited)",
				);
				GCC_WARN_64_TO_32_BIT_CONVERSION = YES;
				GCC_WARN_ABOUT_RETURN_TYPE = YES_ERROR;
				GCC_WARN_UNDECLARED_SELECTOR = YES;
				GCC_WARN_UNINITIALIZED_AUTOS = YES_AGGRESSIVE;
				GCC_WARN_UNUSED_FUNCTION = YES;
				GCC_WARN_UNUSED_VARIABLE = YES;
				HEADER_SEARCH_PATHS = "";
				IPHONEOS_DEPLOYMENT_TARGET = 8.0;
				MTL_ENABLE_DEBUG_INFO = YES;
				ONLY_ACTIVE_ARCH = YES;
				SDKROOT = iphoneos;
			};
			name = Debug;
		};
		9DF2A7A31F27EB1B0015AC73 /* Release */ = {
			isa = XCBuildConfiguration;
			buildSettings = {
				ALWAYS_SEARCH_USER_PATHS = NO;
				CLANG_ANALYZER_NONNULL = YES;
				CLANG_ANALYZER_NUMBER_OBJECT_CONVERSION = YES_AGGRESSIVE;
				CLANG_CXX_LANGUAGE_STANDARD = "gnu++0x";
				CLANG_CXX_LIBRARY = "libc++";
				CLANG_ENABLE_MODULES = YES;
				CLANG_ENABLE_OBJC_ARC = YES;
				CLANG_WARN_BOOL_CONVERSION = YES;
				CLANG_WARN_CONSTANT_CONVERSION = YES;
				CLANG_WARN_DIRECT_OBJC_ISA_USAGE = YES_ERROR;
				CLANG_WARN_DOCUMENTATION_COMMENTS = YES;
				CLANG_WARN_EMPTY_BODY = YES;
				CLANG_WARN_ENUM_CONVERSION = YES;
				CLANG_WARN_INFINITE_RECURSION = YES;
				CLANG_WARN_INT_CONVERSION = YES;
				CLANG_WARN_OBJC_ROOT_CLASS = YES_ERROR;
				CLANG_WARN_SUSPICIOUS_MOVE = YES;
				CLANG_WARN_UNREACHABLE_CODE = YES;
				CLANG_WARN__DUPLICATE_METHOD_MATCH = YES;
				"CODE_SIGN_IDENTITY[sdk=iphoneos*]" = "iPhone Developer";
				COPY_PHASE_STRIP = NO;
				DEBUG_INFORMATION_FORMAT = "dwarf-with-dsym";
				ENABLE_NS_ASSERTIONS = NO;
				ENABLE_STRICT_OBJC_MSGSEND = YES;
				GCC_C_LANGUAGE_STANDARD = gnu99;
				GCC_NO_COMMON_BLOCKS = YES;
				GCC_WARN_64_TO_32_BIT_CONVERSION = YES;
				GCC_WARN_ABOUT_RETURN_TYPE = YES_ERROR;
				GCC_WARN_UNDECLARED_SELECTOR = YES;
				GCC_WARN_UNINITIALIZED_AUTOS = YES_AGGRESSIVE;
				GCC_WARN_UNUSED_FUNCTION = YES;
				GCC_WARN_UNUSED_VARIABLE = YES;
				HEADER_SEARCH_PATHS = "";
				IPHONEOS_DEPLOYMENT_TARGET = 8.0;
				MTL_ENABLE_DEBUG_INFO = NO;
				SDKROOT = iphoneos;
				VALIDATE_PRODUCT = YES;
			};
			name = Release;
		};
		9DF2A7A51F27EB1B0015AC73 /* Debug */ = {
			isa = XCBuildConfiguration;
			buildSettings = {
				DEBUG_INFORMATION_FORMAT = "dwarf-with-dsym";
				ENABLE_TESTABILITY = NO;
				FRAMEWORK_SEARCH_PATHS = (
					"$(inherited)",
					"$(PROJECT_DIR)",
					"$(SRCROOT)/../../../../ios/Pods/Brightcove-Player-Core/iOS",
				);
				HEADER_SEARCH_PATHS = (
					"$(inherited)",
					/Applications/Xcode.app/Contents/Developer/Toolchains/XcodeDefault.xctoolchain/usr/include,
					"$(SRCROOT)/../../../../ios/Pods/Headers/Public/Brightcove-Player-Core",
					"$(SRCROOT)/../../../../React/**",
					"$(SRCROOT)/../../../react-native/React/**",
				);
				LIBRARY_SEARCH_PATHS = "$(inherited)";
				OTHER_LDFLAGS = "-ObjC";
				PRODUCT_NAME = "$(TARGET_NAME)";
				SKIP_INSTALL = YES;
			};
			name = Debug;
		};
		9DF2A7A61F27EB1B0015AC73 /* Release */ = {
			isa = XCBuildConfiguration;
			buildSettings = {
				COPY_PHASE_STRIP = YES;
				DEBUG_INFORMATION_FORMAT = "dwarf-with-dsym";
				ENABLE_TESTABILITY = NO;
				FRAMEWORK_SEARCH_PATHS = (
					"$(inherited)",
					"$(PROJECT_DIR)",
					"$(SRCROOT)/../../../../ios/Pods/Brightcove-Player-Core/iOS",
				);
				HEADER_SEARCH_PATHS = (
					"$(inherited)",
					/Applications/Xcode.app/Contents/Developer/Toolchains/XcodeDefault.xctoolchain/usr/include,
					"$(SRCROOT)/../../../../ios/Pods/Headers/Public/Brightcove-Player-Core",
					"$(SRCROOT)/../../../../React/**",
					"$(SRCROOT)/../../../react-native/React/**",
				);
				LIBRARY_SEARCH_PATHS = "$(inherited)";
				OTHER_LDFLAGS = "-ObjC";
				PRODUCT_NAME = "$(TARGET_NAME)";
				SKIP_INSTALL = YES;
			};
			name = Release;
		};
/* End XCBuildConfiguration section */

/* Begin XCConfigurationList section */
		9DF2A7961F27EB1B0015AC73 /* Build configuration list for PBXProject "RNTBrightcove" */ = {
			isa = XCConfigurationList;
			buildConfigurations = (
				9DF2A7A21F27EB1B0015AC73 /* Debug */,
				9DF2A7A31F27EB1B0015AC73 /* Release */,
			);
			defaultConfigurationIsVisible = 0;
			defaultConfigurationName = Release;
		};
		9DF2A7A41F27EB1B0015AC73 /* Build configuration list for PBXNativeTarget "RNTBrightcove" */ = {
			isa = XCConfigurationList;
			buildConfigurations = (
				9DF2A7A51F27EB1B0015AC73 /* Debug */,
				9DF2A7A61F27EB1B0015AC73 /* Release */,
			);
			defaultConfigurationIsVisible = 0;
			defaultConfigurationName = Release;
		};
/* End XCConfigurationList section */
	};
	rootObject = 9DF2A7931F27EB1B0015AC73 /* Project object */;
}
